
Microsoft Visual Studio Solution File, Format Version 12.00
# Visual Studio Version 16
VisualStudioVersion = 16.0.29411.108
MinimumVisualStudioVersion = 10.0.40219.1
Project("{9A19103F-16F7-4668-BE54-9A1E7A4F7556}") = "AirbnbParser", "AirbnbParser.csproj", "{D7C4EE3B-8737-4E92-953D-02FBC42EFA2F}"
EndProject
Global
	GlobalSection(SolutionConfigurationPlatforms) = preSolution
		Debug|Any CPU = Debug|Any CPU
		Debug|x64 = Debug|x64
		Release|Any CPU = Release|Any CPU
		Release|x64 = Release|x64
	EndGlobalSection
	GlobalSection(ProjectConfigurationPlatforms) = postSolution
		{D7C4EE3B-8737-4E92-953D-02FBC42EFA2F}.Debug|Any CPU.ActiveCfg = Debug|Any CPU
		{D7C4EE3B-8737-4E92-953D-02FBC42EFA2F}.Debug|Any CPU.Build.0 = Debug|Any CPU
		{D7C4EE3B-8737-4E92-953D-02FBC42EFA2F}.Debug|x64.ActiveCfg = Debug|x64
		{D7C4EE3B-8737-4E92-953D-02FBC42EFA2F}.Debug|x64.Build.0 = Debug|x64
		{D7C4EE3B-8737-4E92-953D-02FBC42EFA2F}.Release|Any CPU.ActiveCfg = Release|Any CPU
		{D7C4EE3B-8737-4E92-953D-02FBC42EFA2F}.Release|Any CPU.Build.0 = Release|Any CPU
		{D7C4EE3B-8737-4E92-953D-02FBC42EFA2F}.Release|x64.ActiveCfg = Release|Any CPU
		{D7C4EE3B-8737-4E92-953D-02FBC42EFA2F}.Release|x64.Build.0 = Release|Any CPU
	EndGlobalSection
	GlobalSection(SolutionProperties) = preSolution
		HideSolutionNode = FALSE
	EndGlobalSection
	GlobalSection(ExtensibilityGlobals) = postSolution
		SolutionGuid = {E7A8D4C0-EB0D-490A-AD2A-0214980B7698}
	EndGlobalSection
EndGlobal
